
Microsoft Visual Studio Solution File, Format Version 12.00
# Visual Studio Version 17
VisualStudioVersion = 17.11.35208.52
MinimumVisualStudioVersion = 10.0.40219.1
Project("{FAE04EC0-301F-11D3-BF4B-00C04F79EFBC}") = "Calculadora", "Calculadora\Calculadora.csproj", "{649163A7-F902-48DB-95B3-A00FD695222F}"
EndProject
Global
	GlobalSection(SolutionConfigurationPlatforms) = preSolution
		Debug|Any CPU = Debug|Any CPU
		Release|Any CPU = Release|Any CPU
	EndGlobalSection
	GlobalSection(ProjectConfigurationPlatforms) = postSolution
		{649163A7-F902-48DB-95B3-A00FD695222F}.Debug|Any CPU.ActiveCfg = Debug|Any CPU
		{649163A7-F902-48DB-95B3-A00FD695222F}.Debug|Any CPU.Build.0 = Debug|Any CPU
		{649163A7-F902-48DB-95B3-A00FD695222F}.Release|Any CPU.ActiveCfg = Release|Any CPU
		{649163A7-F902-48DB-95B3-A00FD695222F}.Release|Any CPU.Build.0 = Release|Any CPU
	EndGlobalSection
	GlobalSection(SolutionProperties) = preSolution
		HideSolutionNode = FALSE
	EndGlobalSection
	GlobalSection(ExtensibilityGlobals) = postSolution
		SolutionGuid = {B54001D2-D4A0-4631-91E5-324D6D904794}
	EndGlobalSection
EndGlobal
